
Microsoft Visual Studio Solution File, Format Version 12.00
# Visual Studio Version 16
VisualStudioVersion = 16.0.31515.178
MinimumVisualStudioVersion = 10.0.40219.1
Project("{FAE04EC0-301F-11D3-BF4B-00C04F79EFBC}") = "dbs_oobe", "dbs_oobe\dbs_oobe.csproj", "{A1494D77-EFB2-4153-A97A-D851FE2ADFB9}"
EndProject
Project("{2150E333-8FDC-42A3-9474-1A3956D46DE8}") = "Solution Items", "Solution Items", "{4148D7F6-8CC7-425A-B1DA-1A2100872C2E}"
	ProjectSection(SolutionItems) = preProject
		.editorconfig = .editorconfig
	EndProjectSection
EndProject
Global
	GlobalSection(SolutionConfigurationPlatforms) = preSolution
		Debug|Any CPU = Debug|Any CPU
		Release|Any CPU = Release|Any CPU
	EndGlobalSection
	GlobalSection(ProjectConfigurationPlatforms) = postSolution
		{A1494D77-EFB2-4153-A97A-D851FE2ADFB9}.Debug|Any CPU.ActiveCfg = Debug|Any CPU
		{A1494D77-EFB2-4153-A97A-D851FE2ADFB9}.Debug|Any CPU.Build.0 = Debug|Any CPU
		{A1494D77-EFB2-4153-A97A-D851FE2ADFB9}.Release|Any CPU.ActiveCfg = Release|Any CPU
		{A1494D77-EFB2-4153-A97A-D851FE2ADFB9}.Release|Any CPU.Build.0 = Release|Any CPU
	EndGlobalSection
	GlobalSection(SolutionProperties) = preSolution
		HideSolutionNode = FALSE
	EndGlobalSection
	GlobalSection(ExtensibilityGlobals) = postSolution
		SolutionGuid = {699FD447-CCE4-4C94-8C6C-9837D2DA11C1}
	EndGlobalSection
EndGlobal
